schema: '2.0'
stages:
  run_experiment:
    cmd: python src/02_tensorflow_insurance_data.py
    deps:
    - path: data/raw/insurance.csv
      md5: b49263291b5f4398cffa0e664b93bee3
      size: 55628
    - path: src/02_tensorflow_insurance_data.py
      md5: 3b224a8b550ea5f90a9fd271cd3448b6
      size: 3476
    outs:
    - path: metrics/metrics.yml
      md5: 2af43a199fbf26cd25aeaf138c3e62b0
      size: 81
