schema: '2.0'
stages:
  run_experiment:
    cmd: python src/02_tensorflow_insurance_data.py
    deps:
    - path: data/raw/insurance.csv
      md5: b49263291b5f4398cffa0e664b93bee3
      size: 55628
    - path: src/02_tensorflow_insurance_data.py
      md5: 710f40a8a01e71e3d5c4169a669590d7
      size: 3544
    outs:
    - path: metrics/metrics.yml
      md5: d7f36b21e5e2bbb384c17a226d7ffe7c
      size: 80
